# sha256 size_bytes url filename
78de9cd0ee6b6bb220ba3d59f1753281c459e7b08de374008ea3b970d8577a0e 684768 https://deb.debian.org/debian/pool/main/m/mbedtls/libmbedtls-dev_2.28.3-1_amd64.deb libmbedtls-dev_2.28.3-1_amd64.deb
621ddfb85c668a86d755fae7bb0f31f00d83e4456c8171f9da7445a54b04da9c 163324 https://deb.debian.org/debian/pool/main/m/mbedtls/libmbedtls14_2.28.3-1_amd64.deb libmbedtls14_2.28.3-1_amd64.deb
3377b6bedec2882b9fefeb0ef960ad4dc372939854d76adf761ba70e71d35c3b 128084 https://deb.debian.org/debian/pool/main/m/mbedtls/libmbedx509-1_2.28.3-1_amd64.deb libmbedx509-1_2.28.3-1_amd64.deb
